
Microsoft Visual Studio Solution File, Format Version 12.00
# Visual Studio 2012
Project("{2150E333-8FDC-42A3-9474-1A3956D46DE8}") = "Demos", "Demos", "{F3911DB8-3A49-4578-A8DE-0AF4169E43CA}"
EndProject
Project("{2150E333-8FDC-42A3-9474-1A3956D46DE8}") = "Wrappers", "Wrappers", "{7C1D48FF-FD68-4EB0-BBBE-65231B8D065C}"
EndProject
Project("{FAE04EC0-301F-11D3-BF4B-00C04F79EFBC}") = "Windows7.SensorAndLocation", "Windows7.SensorAndLocation\Windows7.SensorAndLocation.csproj", "{9055C6EF-F83B-4AE0-8041-F9731124A55E}"
EndProject
Project("{FAE04EC0-301F-11D3-BF4B-00C04F79EFBC}") = "SensorDiagnosticTool", "SensorDiagnosticTool\SensorDiagnosticTool.csproj", "{715DEB8A-080D-4AF8-8974-A6D1AFE60648}"
EndProject
Project("{FAE04EC0-301F-11D3-BF4B-00C04F79EFBC}") = "SensorsSample.Console", "SensorsSample.Console\SensorsSample.Console.csproj", "{57F1DF11-AB6D-40E9-979F-BBC80343C668}"
EndProject
Project("{2150E333-8FDC-42A3-9474-1A3956D46DE8}") = "WinRT", "WinRT", "{8E949177-A039-4A88-9EC7-CD2BA78B4B5B}"
EndProject
Project("{FAE04EC0-301F-11D3-BF4B-00C04F79EFBC}") = "AccelerometerCS", "Accelerometer sensor sample\C#\AccelerometerCS.csproj", "{CF1CD0D5-BF6B-457A-9927-8079FC667CA4}"
EndProject
Project("{FAE04EC0-301F-11D3-BF4B-00C04F79EFBC}") = "CompassCS", "Compass sensor sample\C#\CompassCS.csproj", "{687B5D40-A562-47F4-878E-C889B041D88F}"
EndProject
Project("{FAE04EC0-301F-11D3-BF4B-00C04F79EFBC}") = "Rotation", "Device auto rotation preferences sample\C#\Rotation.csproj", "{2429485F-7641-4A1B-B0C5-F5CD11BDC284}"
EndProject
Project("{FAE04EC0-301F-11D3-BF4B-00C04F79EFBC}") = "DisplayOrientationSample", "Display orientation sample\C#\DisplayOrientationSample.csproj", "{633C18FB-2E50-4813-AB5C-D7C4839EA0F0}"
EndProject
Project("{FAE04EC0-301F-11D3-BF4B-00C04F79EFBC}") = "InclinometerCS", "Inclinometer sensor sample\C#\InclinometerCS.csproj", "{CE100F59-43BD-4C12-BA00-A8CD4B9A770D}"
EndProject
Project("{FAE04EC0-301F-11D3-BF4B-00C04F79EFBC}") = "ProximityCS", "Proximity sample\C#\ProximityCS.csproj", "{4C5B8E39-1B0D-4F46-A7A6-C07859B726D4}"
EndProject
Project("{FAE04EC0-301F-11D3-BF4B-00C04F79EFBC}") = "LightSensorCS", "LightSensor sample\C#\LightSensorCS.csproj", "{F956C4AF-9156-4D53-9AB4-975CF39D8065}"
EndProject
Project("{FAE04EC0-301F-11D3-BF4B-00C04F79EFBC}") = "GeolocationCS", "Geolocation sample\C#\GeolocationCS.csproj", "{37DF9FDA-88BC-43A4-9399-2D474CDD0B6A}"
EndProject
Global
	GlobalSection(SolutionConfigurationPlatforms) = preSolution
		Debug|Any CPU = Debug|Any CPU
		Debug|ARM = Debug|ARM
		Debug|x64 = Debug|x64
		Debug|x86 = Debug|x86
		Release|Any CPU = Release|Any CPU
		Release|ARM = Release|ARM
		Release|x64 = Release|x64
		Release|x86 = Release|x86
	EndGlobalSection
	GlobalSection(ProjectConfigurationPlatforms) = postSolution
		{9055C6EF-F83B-4AE0-8041-F9731124A55E}.Debug|Any CPU.ActiveCfg = Debug|Any CPU
		{9055C6EF-F83B-4AE0-8041-F9731124A55E}.Debug|Any CPU.Build.0 = Debug|Any CPU
		{9055C6EF-F83B-4AE0-8041-F9731124A55E}.Debug|ARM.ActiveCfg = Debug|Any CPU
		{9055C6EF-F83B-4AE0-8041-F9731124A55E}.Debug|x64.ActiveCfg = Debug|Any CPU
		{9055C6EF-F83B-4AE0-8041-F9731124A55E}.Debug|x86.ActiveCfg = Debug|x86
		{9055C6EF-F83B-4AE0-8041-F9731124A55E}.Debug|x86.Build.0 = Debug|x86
		{9055C6EF-F83B-4AE0-8041-F9731124A55E}.Release|Any CPU.ActiveCfg = Release|Any CPU
		{9055C6EF-F83B-4AE0-8041-F9731124A55E}.Release|Any CPU.Build.0 = Release|Any CPU
		{9055C6EF-F83B-4AE0-8041-F9731124A55E}.Release|ARM.ActiveCfg = Release|Any CPU
		{9055C6EF-F83B-4AE0-8041-F9731124A55E}.Release|x64.ActiveCfg = Release|Any CPU
		{9055C6EF-F83B-4AE0-8041-F9731124A55E}.Release|x86.ActiveCfg = Release|x86
		{9055C6EF-F83B-4AE0-8041-F9731124A55E}.Release|x86.Build.0 = Release|x86
		{715DEB8A-080D-4AF8-8974-A6D1AFE60648}.Debug|Any CPU.ActiveCfg = Debug|Any CPU
		{715DEB8A-080D-4AF8-8974-A6D1AFE60648}.Debug|Any CPU.Build.0 = Debug|Any CPU
		{715DEB8A-080D-4AF8-8974-A6D1AFE60648}.Debug|ARM.ActiveCfg = Debug|Any CPU
		{715DEB8A-080D-4AF8-8974-A6D1AFE60648}.Debug|x64.ActiveCfg = Debug|Any CPU
		{715DEB8A-080D-4AF8-8974-A6D1AFE60648}.Debug|x86.ActiveCfg = Debug|Any CPU
		{715DEB8A-080D-4AF8-8974-A6D1AFE60648}.Release|Any CPU.ActiveCfg = Release|Any CPU
		{715DEB8A-080D-4AF8-8974-A6D1AFE60648}.Release|Any CPU.Build.0 = Release|Any CPU
		{715DEB8A-080D-4AF8-8974-A6D1AFE60648}.Release|ARM.ActiveCfg = Release|Any CPU
		{715DEB8A-080D-4AF8-8974-A6D1AFE60648}.Release|x64.ActiveCfg = Release|Any CPU
		{715DEB8A-080D-4AF8-8974-A6D1AFE60648}.Release|x86.ActiveCfg = Release|Any CPU
		{57F1DF11-AB6D-40E9-979F-BBC80343C668}.Debug|Any CPU.ActiveCfg = Debug|Any CPU
		{57F1DF11-AB6D-40E9-979F-BBC80343C668}.Debug|Any CPU.Build.0 = Debug|Any CPU
		{57F1DF11-AB6D-40E9-979F-BBC80343C668}.Debug|ARM.ActiveCfg = Debug|Any CPU
		{57F1DF11-AB6D-40E9-979F-BBC80343C668}.Debug|x64.ActiveCfg = Debug|Any CPU
		{57F1DF11-AB6D-40E9-979F-BBC80343C668}.Debug|x86.ActiveCfg = Debug|Any CPU
		{57F1DF11-AB6D-40E9-979F-BBC80343C668}.Release|Any CPU.ActiveCfg = Release|Any CPU
		{57F1DF11-AB6D-40E9-979F-BBC80343C668}.Release|Any CPU.Build.0 = Release|Any CPU
		{57F1DF11-AB6D-40E9-979F-BBC80343C668}.Release|ARM.ActiveCfg = Release|Any CPU
		{57F1DF11-AB6D-40E9-979F-BBC80343C668}.Release|x64.ActiveCfg = Release|Any CPU
		{57F1DF11-AB6D-40E9-979F-BBC80343C668}.Release|x86.ActiveCfg = Release|Any CPU
		{CF1CD0D5-BF6B-457A-9927-8079FC667CA4}.Debug|Any CPU.ActiveCfg = Debug|Any CPU
		{CF1CD0D5-BF6B-457A-9927-8079FC667CA4}.Debug|Any CPU.Build.0 = Debug|Any CPU
		{CF1CD0D5-BF6B-457A-9927-8079FC667CA4}.Debug|Any CPU.Deploy.0 = Debug|Any CPU
		{CF1CD0D5-BF6B-457A-9927-8079FC667CA4}.Debug|ARM.ActiveCfg = Debug|Any CPU
		{CF1CD0D5-BF6B-457A-9927-8079FC667CA4}.Debug|x64.ActiveCfg = Debug|Any CPU
		{CF1CD0D5-BF6B-457A-9927-8079FC667CA4}.Debug|x86.ActiveCfg = Debug|Any CPU
		{CF1CD0D5-BF6B-457A-9927-8079FC667CA4}.Release|Any CPU.ActiveCfg = Release|Any CPU
		{CF1CD0D5-BF6B-457A-9927-8079FC667CA4}.Release|Any CPU.Build.0 = Release|Any CPU
		{CF1CD0D5-BF6B-457A-9927-8079FC667CA4}.Release|Any CPU.Deploy.0 = Release|Any CPU
		{CF1CD0D5-BF6B-457A-9927-8079FC667CA4}.Release|ARM.ActiveCfg = Release|Any CPU
		{CF1CD0D5-BF6B-457A-9927-8079FC667CA4}.Release|x64.ActiveCfg = Release|Any CPU
		{CF1CD0D5-BF6B-457A-9927-8079FC667CA4}.Release|x86.ActiveCfg = Release|Any CPU
		{687B5D40-A562-47F4-878E-C889B041D88F}.Debug|Any CPU.ActiveCfg = Debug|Any CPU
		{687B5D40-A562-47F4-878E-C889B041D88F}.Debug|Any CPU.Build.0 = Debug|Any CPU
		{687B5D40-A562-47F4-878E-C889B041D88F}.Debug|Any CPU.Deploy.0 = Debug|Any CPU
		{687B5D40-A562-47F4-878E-C889B041D88F}.Debug|ARM.ActiveCfg = Debug|Any CPU
		{687B5D40-A562-47F4-878E-C889B041D88F}.Debug|x64.ActiveCfg = Debug|Any CPU
		{687B5D40-A562-47F4-878E-C889B041D88F}.Debug|x86.ActiveCfg = Debug|Any CPU
		{687B5D40-A562-47F4-878E-C889B041D88F}.Release|Any CPU.ActiveCfg = Release|Any CPU
		{687B5D40-A562-47F4-878E-C889B041D88F}.Release|Any CPU.Build.0 = Release|Any CPU
		{687B5D40-A562-47F4-878E-C889B041D88F}.Release|Any CPU.Deploy.0 = Release|Any CPU
		{687B5D40-A562-47F4-878E-C889B041D88F}.Release|ARM.ActiveCfg = Release|Any CPU
		{687B5D40-A562-47F4-878E-C889B041D88F}.Release|x64.ActiveCfg = Release|Any CPU
		{687B5D40-A562-47F4-878E-C889B041D88F}.Release|x86.ActiveCfg = Release|Any CPU
		{2429485F-7641-4A1B-B0C5-F5CD11BDC284}.Debug|Any CPU.ActiveCfg = Debug|Any CPU
		{2429485F-7641-4A1B-B0C5-F5CD11BDC284}.Debug|Any CPU.Build.0 = Debug|Any CPU
		{2429485F-7641-4A1B-B0C5-F5CD11BDC284}.Debug|Any CPU.Deploy.0 = Debug|Any CPU
		{2429485F-7641-4A1B-B0C5-F5CD11BDC284}.Debug|ARM.ActiveCfg = Debug|Any CPU
		{2429485F-7641-4A1B-B0C5-F5CD11BDC284}.Debug|x64.ActiveCfg = Debug|Any CPU
		{2429485F-7641-4A1B-B0C5-F5CD11BDC284}.Debug|x86.ActiveCfg = Debug|Any CPU
		{2429485F-7641-4A1B-B0C5-F5CD11BDC284}.Release|Any CPU.ActiveCfg = Release|Any CPU
		{2429485F-7641-4A1B-B0C5-F5CD11BDC284}.Release|Any CPU.Build.0 = Release|Any CPU
		{2429485F-7641-4A1B-B0C5-F5CD11BDC284}.Release|Any CPU.Deploy.0 = Release|Any CPU
		{2429485F-7641-4A1B-B0C5-F5CD11BDC284}.Release|ARM.ActiveCfg = Release|Any CPU
		{2429485F-7641-4A1B-B0C5-F5CD11BDC284}.Release|x64.ActiveCfg = Release|Any CPU
		{2429485F-7641-4A1B-B0C5-F5CD11BDC284}.Release|x86.ActiveCfg = Release|Any CPU
		{633C18FB-2E50-4813-AB5C-D7C4839EA0F0}.Debug|Any CPU.ActiveCfg = Debug|Any CPU
		{633C18FB-2E50-4813-AB5C-D7C4839EA0F0}.Debug|Any CPU.Build.0 = Debug|Any CPU
		{633C18FB-2E50-4813-AB5C-D7C4839EA0F0}.Debug|Any CPU.Deploy.0 = Debug|Any CPU
		{633C18FB-2E50-4813-AB5C-D7C4839EA0F0}.Debug|ARM.ActiveCfg = Debug|Any CPU
		{633C18FB-2E50-4813-AB5C-D7C4839EA0F0}.Debug|x64.ActiveCfg = Debug|Any CPU
		{633C18FB-2E50-4813-AB5C-D7C4839EA0F0}.Debug|x86.ActiveCfg = Debug|Any CPU
		{633C18FB-2E50-4813-AB5C-D7C4839EA0F0}.Release|Any CPU.ActiveCfg = Release|Any CPU
		{633C18FB-2E50-4813-AB5C-D7C4839EA0F0}.Release|Any CPU.Build.0 = Release|Any CPU
		{633C18FB-2E50-4813-AB5C-D7C4839EA0F0}.Release|Any CPU.Deploy.0 = Release|Any CPU
		{633C18FB-2E50-4813-AB5C-D7C4839EA0F0}.Release|ARM.ActiveCfg = Release|Any CPU
		{633C18FB-2E50-4813-AB5C-D7C4839EA0F0}.Release|x64.ActiveCfg = Release|Any CPU
		{633C18FB-2E50-4813-AB5C-D7C4839EA0F0}.Release|x86.ActiveCfg = Release|Any CPU
		{CE100F59-43BD-4C12-BA00-A8CD4B9A770D}.Debug|Any CPU.ActiveCfg = Debug|Any CPU
		{CE100F59-43BD-4C12-BA00-A8CD4B9A770D}.Debug|Any CPU.Build.0 = Debug|Any CPU
		{CE100F59-43BD-4C12-BA00-A8CD4B9A770D}.Debug|Any CPU.Deploy.0 = Debug|Any CPU
		{CE100F59-43BD-4C12-BA00-A8CD4B9A770D}.Debug|ARM.ActiveCfg = Debug|Any CPU
		{CE100F59-43BD-4C12-BA00-A8CD4B9A770D}.Debug|x64.ActiveCfg = Debug|Any CPU
		{CE100F59-43BD-4C12-BA00-A8CD4B9A770D}.Debug|x86.ActiveCfg = Debug|Any CPU
		{CE100F59-43BD-4C12-BA00-A8CD4B9A770D}.Release|Any CPU.ActiveCfg = Release|Any CPU
		{CE100F59-43BD-4C12-BA00-A8CD4B9A770D}.Release|Any CPU.Build.0 = Release|Any CPU
		{CE100F59-43BD-4C12-BA00-A8CD4B9A770D}.Release|Any CPU.Deploy.0 = Release|Any CPU
		{CE100F59-43BD-4C12-BA00-A8CD4B9A770D}.Release|ARM.ActiveCfg = Release|Any CPU
		{CE100F59-43BD-4C12-BA00-A8CD4B9A770D}.Release|x64.ActiveCfg = Release|Any CPU
		{CE100F59-43BD-4C12-BA00-A8CD4B9A770D}.Release|x86.ActiveCfg = Release|Any CPU
		{4C5B8E39-1B0D-4F46-A7A6-C07859B726D4}.Debug|Any CPU.ActiveCfg = Debug|Any CPU
		{4C5B8E39-1B0D-4F46-A7A6-C07859B726D4}.Debug|Any CPU.Build.0 = Debug|Any CPU
		{4C5B8E39-1B0D-4F46-A7A6-C07859B726D4}.Debug|Any CPU.Deploy.0 = Debug|Any CPU
		{4C5B8E39-1B0D-4F46-A7A6-C07859B726D4}.Debug|ARM.ActiveCfg = Debug|Any CPU
		{4C5B8E39-1B0D-4F46-A7A6-C07859B726D4}.Debug|x64.ActiveCfg = Debug|Any CPU
		{4C5B8E39-1B0D-4F46-A7A6-C07859B726D4}.Debug|x86.ActiveCfg = Debug|Any CPU
		{4C5B8E39-1B0D-4F46-A7A6-C07859B726D4}.Release|Any CPU.ActiveCfg = Release|Any CPU
		{4C5B8E39-1B0D-4F46-A7A6-C07859B726D4}.Release|Any CPU.Build.0 = Release|Any CPU
		{4C5B8E39-1B0D-4F46-A7A6-C07859B726D4}.Release|Any CPU.Deploy.0 = Release|Any CPU
		{4C5B8E39-1B0D-4F46-A7A6-C07859B726D4}.Release|ARM.ActiveCfg = Release|Any CPU
		{4C5B8E39-1B0D-4F46-A7A6-C07859B726D4}.Release|x64.ActiveCfg = Release|Any CPU
		{4C5B8E39-1B0D-4F46-A7A6-C07859B726D4}.Release|x86.ActiveCfg = Release|Any CPU
		{F956C4AF-9156-4D53-9AB4-975CF39D8065}.Debug|Any CPU.ActiveCfg = Debug|Any CPU
		{F956C4AF-9156-4D53-9AB4-975CF39D8065}.Debug|Any CPU.Build.0 = Debug|Any CPU
		{F956C4AF-9156-4D53-9AB4-975CF39D8065}.Debug|Any CPU.Deploy.0 = Debug|Any CPU
		{F956C4AF-9156-4D53-9AB4-975CF39D8065}.Debug|ARM.ActiveCfg = Debug|Any CPU
		{F956C4AF-9156-4D53-9AB4-975CF39D8065}.Debug|x64.ActiveCfg = Debug|Any CPU
		{F956C4AF-9156-4D53-9AB4-975CF39D8065}.Debug|x86.ActiveCfg = Debug|Any CPU
		{F956C4AF-9156-4D53-9AB4-975CF39D8065}.Release|Any CPU.ActiveCfg = Release|Any CPU
		{F956C4AF-9156-4D53-9AB4-975CF39D8065}.Release|Any CPU.Build.0 = Release|Any CPU
		{F956C4AF-9156-4D53-9AB4-975CF39D8065}.Release|Any CPU.Deploy.0 = Release|Any CPU
		{F956C4AF-9156-4D53-9AB4-975CF39D8065}.Release|ARM.ActiveCfg = Release|Any CPU
		{F956C4AF-9156-4D53-9AB4-975CF39D8065}.Release|x64.ActiveCfg = Release|Any CPU
		{F956C4AF-9156-4D53-9AB4-975CF39D8065}.Release|x86.ActiveCfg = Release|Any CPU
		{37DF9FDA-88BC-43A4-9399-2D474CDD0B6A}.Debug|Any CPU.ActiveCfg = Debug|Any CPU
		{37DF9FDA-88BC-43A4-9399-2D474CDD0B6A}.Debug|Any CPU.Build.0 = Debug|Any CPU
		{37DF9FDA-88BC-43A4-9399-2D474CDD0B6A}.Debug|Any CPU.Deploy.0 = Debug|Any CPU
		{37DF9FDA-88BC-43A4-9399-2D474CDD0B6A}.Debug|ARM.ActiveCfg = Debug|Any CPU
		{37DF9FDA-88BC-43A4-9399-2D474CDD0B6A}.Debug|x64.ActiveCfg = Debug|Any CPU
		{37DF9FDA-88BC-43A4-9399-2D474CDD0B6A}.Debug|x86.ActiveCfg = Debug|Any CPU
		{37DF9FDA-88BC-43A4-9399-2D474CDD0B6A}.Release|Any CPU.ActiveCfg = Release|Any CPU
		{37DF9FDA-88BC-43A4-9399-2D474CDD0B6A}.Release|Any CPU.Build.0 = Release|Any CPU
		{37DF9FDA-88BC-43A4-9399-2D474CDD0B6A}.Release|Any CPU.Deploy.0 = Release|Any CPU
		{37DF9FDA-88BC-43A4-9399-2D474CDD0B6A}.Release|ARM.ActiveCfg = Release|Any CPU
		{37DF9FDA-88BC-43A4-9399-2D474CDD0B6A}.Release|x64.ActiveCfg = Release|Any CPU
		{37DF9FDA-88BC-43A4-9399-2D474CDD0B6A}.Release|x86.ActiveCfg = Release|Any CPU
	EndGlobalSection
	GlobalSection(SolutionProperties) = preSolution
		HideSolutionNode = FALSE
	EndGlobalSection
	GlobalSection(NestedProjects) = preSolution
		{57F1DF11-AB6D-40E9-979F-BBC80343C668} = {F3911DB8-3A49-4578-A8DE-0AF4169E43CA}
		{9055C6EF-F83B-4AE0-8041-F9731124A55E} = {7C1D48FF-FD68-4EB0-BBBE-65231B8D065C}
		{CF1CD0D5-BF6B-457A-9927-8079FC667CA4} = {8E949177-A039-4A88-9EC7-CD2BA78B4B5B}
		{687B5D40-A562-47F4-878E-C889B041D88F} = {8E949177-A039-4A88-9EC7-CD2BA78B4B5B}
		{2429485F-7641-4A1B-B0C5-F5CD11BDC284} = {8E949177-A039-4A88-9EC7-CD2BA78B4B5B}
		{633C18FB-2E50-4813-AB5C-D7C4839EA0F0} = {8E949177-A039-4A88-9EC7-CD2BA78B4B5B}
		{CE100F59-43BD-4C12-BA00-A8CD4B9A770D} = {8E949177-A039-4A88-9EC7-CD2BA78B4B5B}
		{4C5B8E39-1B0D-4F46-A7A6-C07859B726D4} = {8E949177-A039-4A88-9EC7-CD2BA78B4B5B}
		{F956C4AF-9156-4D53-9AB4-975CF39D8065} = {8E949177-A039-4A88-9EC7-CD2BA78B4B5B}
		{37DF9FDA-88BC-43A4-9399-2D474CDD0B6A} = {8E949177-A039-4A88-9EC7-CD2BA78B4B5B}
	EndGlobalSection
EndGlobal
